
Microsoft Visual Studio Solution File, Format Version 12.00
# Visual Studio Version 16
VisualStudioVersion = 16.0.29509.3
MinimumVisualStudioVersion = 10.0.40219.1
Project("{FAE04EC0-301F-11D3-BF4B-00C04F79EFBC}") = "TestOfflineSentimentAnalyzers", "TestOfflineSentimentAnalyzers\TestOfflineSentimentAnalyzers.csproj", "{75BAB040-CB81-4AF6-8107-4829D7FC74E6}"
EndProject
Project("{FAE04EC0-301F-11D3-BF4B-00C04F79EFBC}") = "TestStanfordNLP", "TestStanfordNLP\TestStanfordNLP.csproj", "{158A9183-84D9-414F-AFB6-7E4873FF9223}"
EndProject
Global
	GlobalSection(SolutionConfigurationPlatforms) = preSolution
		Debug|Any CPU = Debug|Any CPU
		Release|Any CPU = Release|Any CPU
	EndGlobalSection
	GlobalSection(ProjectConfigurationPlatforms) = postSolution
		{75BAB040-CB81-4AF6-8107-4829D7FC74E6}.Debug|Any CPU.ActiveCfg = Debug|Any CPU
		{75BAB040-CB81-4AF6-8107-4829D7FC74E6}.Debug|Any CPU.Build.0 = Debug|Any CPU
		{75BAB040-CB81-4AF6-8107-4829D7FC74E6}.Release|Any CPU.ActiveCfg = Release|Any CPU
		{75BAB040-CB81-4AF6-8107-4829D7FC74E6}.Release|Any CPU.Build.0 = Release|Any CPU
		{158A9183-84D9-414F-AFB6-7E4873FF9223}.Debug|Any CPU.ActiveCfg = Debug|Any CPU
		{158A9183-84D9-414F-AFB6-7E4873FF9223}.Debug|Any CPU.Build.0 = Debug|Any CPU
		{158A9183-84D9-414F-AFB6-7E4873FF9223}.Release|Any CPU.ActiveCfg = Release|Any CPU
		{158A9183-84D9-414F-AFB6-7E4873FF9223}.Release|Any CPU.Build.0 = Release|Any CPU
	EndGlobalSection
	GlobalSection(SolutionProperties) = preSolution
		HideSolutionNode = FALSE
	EndGlobalSection
	GlobalSection(ExtensibilityGlobals) = postSolution
		SolutionGuid = {1C1B1C4C-983C-46B9-991B-97C07FF2B451}
	EndGlobalSection
EndGlobal
